
Microsoft Visual Studio Solution File, Format Version 12.00
# Visual Studio Version 17
VisualStudioVersion = 17.14.36511.14 d17.14
MinimumVisualStudioVersion = 10.0.40219.1
Project("{FAE04EC0-301F-11D3-BF4B-00C04F79EFBC}") = "Example_2_DynamicPolymorphism", "Example_2_DynamicPolymorphism\Example_2_DynamicPolymorphism.csproj", "{273E666F-2C36-4910-819F-47B12F4D5C61}"
EndProject
Global
	GlobalSection(SolutionConfigurationPlatforms) = preSolution
		Debug|Any CPU = Debug|Any CPU
		Release|Any CPU = Release|Any CPU
	EndGlobalSection
	GlobalSection(ProjectConfigurationPlatforms) = postSolution
		{273E666F-2C36-4910-819F-47B12F4D5C61}.Debug|Any CPU.ActiveCfg = Debug|Any CPU
		{273E666F-2C36-4910-819F-47B12F4D5C61}.Debug|Any CPU.Build.0 = Debug|Any CPU
		{273E666F-2C36-4910-819F-47B12F4D5C61}.Release|Any CPU.ActiveCfg = Release|Any CPU
		{273E666F-2C36-4910-819F-47B12F4D5C61}.Release|Any CPU.Build.0 = Release|Any CPU
	EndGlobalSection
	GlobalSection(SolutionProperties) = preSolution
		HideSolutionNode = FALSE
	EndGlobalSection
	GlobalSection(ExtensibilityGlobals) = postSolution
		SolutionGuid = {594A5870-A1EA-440A-A61B-63398A869414}
	EndGlobalSection
EndGlobal
